
Microsoft Visual Studio Solution File, Format Version 12.00
# Visual Studio Version 16
VisualStudioVersion = 16.0.31624.102
MinimumVisualStudioVersion = 10.0.40219.1
Project("{FAE04EC0-301F-11D3-BF4B-00C04F79EFBC}") = "PersonalityTest", "PersonalityTest\PersonalityTest.csproj", "{DC8C2EB3-1E5C-4FE7-9642-57F8C5D61F74}"
EndProject
Project("{FAE04EC0-301F-11D3-BF4B-00C04F79EFBC}") = "PersonalityTestSwitch", "PersonalityTestSwitch\PersonalityTestSwitch.csproj", "{EA71E8E0-F93C-407A-A2AA-41BC9C413C9F}"
EndProject
Project("{FAE04EC0-301F-11D3-BF4B-00C04F79EFBC}") = "GradingIF", "GradingIF\GradingIF.csproj", "{AD4A142D-56BA-4606-829E-542841B89147}"
EndProject
Project("{FAE04EC0-301F-11D3-BF4B-00C04F79EFBC}") = "GradingSwitch", "GradingSwitch\GradingSwitch.csproj", "{F1F851B7-BCA7-49ED-A0D5-51E98EAED5D7}"
EndProject
Project("{FAE04EC0-301F-11D3-BF4B-00C04F79EFBC}") = "CatsAndDogs", "CatsAndDogs\CatsAndDogs.csproj", "{7F666B1D-CDD1-42A6-A014-D02200B028C8}"
EndProject
Global
	GlobalSection(SolutionConfigurationPlatforms) = preSolution
		Debug|Any CPU = Debug|Any CPU
		Release|Any CPU = Release|Any CPU
	EndGlobalSection
	GlobalSection(ProjectConfigurationPlatforms) = postSolution
		{DC8C2EB3-1E5C-4FE7-9642-57F8C5D61F74}.Debug|Any CPU.ActiveCfg = Debug|Any CPU
		{DC8C2EB3-1E5C-4FE7-9642-57F8C5D61F74}.Debug|Any CPU.Build.0 = Debug|Any CPU
		{DC8C2EB3-1E5C-4FE7-9642-57F8C5D61F74}.Release|Any CPU.ActiveCfg = Release|Any CPU
		{DC8C2EB3-1E5C-4FE7-9642-57F8C5D61F74}.Release|Any CPU.Build.0 = Release|Any CPU
		{EA71E8E0-F93C-407A-A2AA-41BC9C413C9F}.Debug|Any CPU.ActiveCfg = Debug|Any CPU
		{EA71E8E0-F93C-407A-A2AA-41BC9C413C9F}.Debug|Any CPU.Build.0 = Debug|Any CPU
		{EA71E8E0-F93C-407A-A2AA-41BC9C413C9F}.Release|Any CPU.ActiveCfg = Release|Any CPU
		{EA71E8E0-F93C-407A-A2AA-41BC9C413C9F}.Release|Any CPU.Build.0 = Release|Any CPU
		{AD4A142D-56BA-4606-829E-542841B89147}.Debug|Any CPU.ActiveCfg = Debug|Any CPU
		{AD4A142D-56BA-4606-829E-542841B89147}.Debug|Any CPU.Build.0 = Debug|Any CPU
		{AD4A142D-56BA-4606-829E-542841B89147}.Release|Any CPU.ActiveCfg = Release|Any CPU
		{AD4A142D-56BA-4606-829E-542841B89147}.Release|Any CPU.Build.0 = Release|Any CPU
		{F1F851B7-BCA7-49ED-A0D5-51E98EAED5D7}.Debug|Any CPU.ActiveCfg = Debug|Any CPU
		{F1F851B7-BCA7-49ED-A0D5-51E98EAED5D7}.Debug|Any CPU.Build.0 = Debug|Any CPU
		{F1F851B7-BCA7-49ED-A0D5-51E98EAED5D7}.Release|Any CPU.ActiveCfg = Release|Any CPU
		{F1F851B7-BCA7-49ED-A0D5-51E98EAED5D7}.Release|Any CPU.Build.0 = Release|Any CPU
		{7F666B1D-CDD1-42A6-A014-D02200B028C8}.Debug|Any CPU.ActiveCfg = Debug|Any CPU
		{7F666B1D-CDD1-42A6-A014-D02200B028C8}.Debug|Any CPU.Build.0 = Debug|Any CPU
		{7F666B1D-CDD1-42A6-A014-D02200B028C8}.Release|Any CPU.ActiveCfg = Release|Any CPU
		{7F666B1D-CDD1-42A6-A014-D02200B028C8}.Release|Any CPU.Build.0 = Release|Any CPU
	EndGlobalSection
	GlobalSection(SolutionProperties) = preSolution
		HideSolutionNode = FALSE
	EndGlobalSection
	GlobalSection(ExtensibilityGlobals) = postSolution
		SolutionGuid = {2A6773BF-AB59-4B72-B53D-EC6F96A91AFE}
	EndGlobalSection
EndGlobal
